
Microsoft Visual Studio Solution File, Format Version 12.00
# Visual Studio 15
VisualStudioVersion = 15.0.28010.2041
MinimumVisualStudioVersion = 10.0.40219.1
Project("{FAE04EC0-301F-11D3-BF4B-00C04F79EFBC}") = "StaaPaymentIntegrator", "StaaPaymentIntegrator\StaaPaymentIntegrator.csproj", "{842DC08C-9365-4B95-B8BF-1F1559862C26}"
EndProject
Project("{FAE04EC0-301F-11D3-BF4B-00C04F79EFBC}") = "StaaPaymentIntegrator.Paystack", "StaaPaymentIntegrator.Paystack\StaaPaymentIntegrator.Paystack.csproj", "{7F6C7377-05E1-4FFA-9AAF-904B4194B842}"
EndProject
Global
	GlobalSection(SolutionConfigurationPlatforms) = preSolution
		Debug|Any CPU = Debug|Any CPU
		Release|Any CPU = Release|Any CPU
	EndGlobalSection
	GlobalSection(ProjectConfigurationPlatforms) = postSolution
		{842DC08C-9365-4B95-B8BF-1F1559862C26}.Debug|Any CPU.ActiveCfg = Debug|Any CPU
		{842DC08C-9365-4B95-B8BF-1F1559862C26}.Debug|Any CPU.Build.0 = Debug|Any CPU
		{842DC08C-9365-4B95-B8BF-1F1559862C26}.Release|Any CPU.ActiveCfg = Release|Any CPU
		{842DC08C-9365-4B95-B8BF-1F1559862C26}.Release|Any CPU.Build.0 = Release|Any CPU
		{7F6C7377-05E1-4FFA-9AAF-904B4194B842}.Debug|Any CPU.ActiveCfg = Debug|Any CPU
		{7F6C7377-05E1-4FFA-9AAF-904B4194B842}.Debug|Any CPU.Build.0 = Debug|Any CPU
		{7F6C7377-05E1-4FFA-9AAF-904B4194B842}.Release|Any CPU.ActiveCfg = Release|Any CPU
		{7F6C7377-05E1-4FFA-9AAF-904B4194B842}.Release|Any CPU.Build.0 = Release|Any CPU
	EndGlobalSection
	GlobalSection(SolutionProperties) = preSolution
		HideSolutionNode = FALSE
	EndGlobalSection
	GlobalSection(ExtensibilityGlobals) = postSolution
		SolutionGuid = {A7BC06CA-4AA7-479A-9901-EBAE7E579F1B}
	EndGlobalSection
EndGlobal
