
Microsoft Visual Studio Solution File, Format Version 12.00
# Visual Studio 15
VisualStudioVersion = 15.0.28010.2041
MinimumVisualStudioVersion = 10.0.40219.1
Project("{9A19103F-16F7-4668-BE54-9A1E7A4F7556}") = "StaaPaymentIntegrator", "StaaPaymentIntegrator\StaaPaymentIntegrator.csproj", "{842DC08C-9365-4B95-B8BF-1F1559862C26}"
EndProject
Project("{9A19103F-16F7-4668-BE54-9A1E7A4F7556}") = "StaaPaymentIntegrator.Paystack", "StaaPaymentIntegrator.Paystack\StaaPaymentIntegrator.Paystack.csproj", "{7F6C7377-05E1-4FFA-9AAF-904B4194B842}"
EndProject
Project("{9A19103F-16F7-4668-BE54-9A1E7A4F7556}") = "StaaPaymentIntegrator.Paystack.Tests", "StaaPaymentIntegrator.Paystack.Tests\StaaPaymentIntegrator.Paystack.Tests.csproj", "{1D080428-A629-40E0-9AAC-E21276B686DC}"
EndProject
Project("{2150E333-8FDC-42A3-9474-1A3956D46DE8}") = "Samples", "Samples", "{7A47A536-9D0D-47AC-97B8-51B3557C93D6}"
EndProject
Project("{2150E333-8FDC-42A3-9474-1A3956D46DE8}") = "Paystack", "Paystack", "{50B09ECA-7793-4334-90F9-3BCD27DCD2B4}"
EndProject
Project("{FAE04EC0-301F-11D3-BF4B-00C04F79EFBC}") = "DonationsApp", "DonationsApp\DonationsApp.csproj", "{0EABF09C-1AEA-438C-B949-A9D9EBB962E0}"
EndProject
Global
	GlobalSection(SolutionConfigurationPlatforms) = preSolution
		Debug|Any CPU = Debug|Any CPU
		Release|Any CPU = Release|Any CPU
	EndGlobalSection
	GlobalSection(ProjectConfigurationPlatforms) = postSolution
		{842DC08C-9365-4B95-B8BF-1F1559862C26}.Debug|Any CPU.ActiveCfg = Debug|Any CPU
		{842DC08C-9365-4B95-B8BF-1F1559862C26}.Debug|Any CPU.Build.0 = Debug|Any CPU
		{842DC08C-9365-4B95-B8BF-1F1559862C26}.Release|Any CPU.ActiveCfg = Release|Any CPU
		{842DC08C-9365-4B95-B8BF-1F1559862C26}.Release|Any CPU.Build.0 = Release|Any CPU
		{7F6C7377-05E1-4FFA-9AAF-904B4194B842}.Debug|Any CPU.ActiveCfg = Debug|Any CPU
		{7F6C7377-05E1-4FFA-9AAF-904B4194B842}.Debug|Any CPU.Build.0 = Debug|Any CPU
		{7F6C7377-05E1-4FFA-9AAF-904B4194B842}.Release|Any CPU.ActiveCfg = Release|Any CPU
		{7F6C7377-05E1-4FFA-9AAF-904B4194B842}.Release|Any CPU.Build.0 = Release|Any CPU
		{1D080428-A629-40E0-9AAC-E21276B686DC}.Debug|Any CPU.ActiveCfg = Debug|Any CPU
		{1D080428-A629-40E0-9AAC-E21276B686DC}.Debug|Any CPU.Build.0 = Debug|Any CPU
		{1D080428-A629-40E0-9AAC-E21276B686DC}.Release|Any CPU.ActiveCfg = Release|Any CPU
		{1D080428-A629-40E0-9AAC-E21276B686DC}.Release|Any CPU.Build.0 = Release|Any CPU
		{0EABF09C-1AEA-438C-B949-A9D9EBB962E0}.Debug|Any CPU.ActiveCfg = Debug|Any CPU
		{0EABF09C-1AEA-438C-B949-A9D9EBB962E0}.Debug|Any CPU.Build.0 = Debug|Any CPU
		{0EABF09C-1AEA-438C-B949-A9D9EBB962E0}.Release|Any CPU.ActiveCfg = Release|Any CPU
		{0EABF09C-1AEA-438C-B949-A9D9EBB962E0}.Release|Any CPU.Build.0 = Release|Any CPU
	EndGlobalSection
	GlobalSection(SolutionProperties) = preSolution
		HideSolutionNode = FALSE
	EndGlobalSection
	GlobalSection(NestedProjects) = preSolution
		{50B09ECA-7793-4334-90F9-3BCD27DCD2B4} = {7A47A536-9D0D-47AC-97B8-51B3557C93D6}
		{0EABF09C-1AEA-438C-B949-A9D9EBB962E0} = {50B09ECA-7793-4334-90F9-3BCD27DCD2B4}
	EndGlobalSection
	GlobalSection(ExtensibilityGlobals) = postSolution
		SolutionGuid = {A7BC06CA-4AA7-479A-9901-EBAE7E579F1B}
	EndGlobalSection
EndGlobal
